
Microsoft Visual Studio Solution File, Format Version 12.00
# Visual Studio 14
VisualStudioVersion = 14.0.25420.1
MinimumVisualStudioVersion = 10.0.40219.1
Project("{FAE04EC0-301F-11D3-BF4B-00C04F79EFBC}") = "MVC", "MVC\MVC.csproj", "{5B568919-A2D4-4965-AA5B-5045A6C2F50E}"
EndProject
Project("{FAE04EC0-301F-11D3-BF4B-00C04F79EFBC}") = "DAL", "DAL\DAL.csproj", "{1308180F-CA4D-4F46-BC57-5EC995900F0A}"
EndProject
Project("{FAE04EC0-301F-11D3-BF4B-00C04F79EFBC}") = "Common", "Common\Common.csproj", "{3C90CD28-AC38-45B7-95DC-87FDD004A654}"
EndProject
Project("{FAE04EC0-301F-11D3-BF4B-00C04F79EFBC}") = "Model.Common", "Model.Common\Model.Common.csproj", "{FF73C15E-487F-4FCF-B20A-370AA227B2CC}"
EndProject
Project("{FAE04EC0-301F-11D3-BF4B-00C04F79EFBC}") = "Model", "Model\Model.csproj", "{67432B53-10D0-44A1-8DF2-5BD88D3DE0FB}"
EndProject
Project("{FAE04EC0-301F-11D3-BF4B-00C04F79EFBC}") = "Repository.Common", "Repository.Common\Repository.Common.csproj", "{47C371A6-2646-4F07-AD8C-8E7122F0F4F7}"
EndProject
Project("{FAE04EC0-301F-11D3-BF4B-00C04F79EFBC}") = "Repository", "Repository\Repository.csproj", "{8721AC78-9FD3-4E16-87AC-2461AD342B2D}"
EndProject
Project("{FAE04EC0-301F-11D3-BF4B-00C04F79EFBC}") = "Service", "Service\Service.csproj", "{24EB3839-6B30-4AF9-9E97-31948AA3937C}"
EndProject
Project("{FAE04EC0-301F-11D3-BF4B-00C04F79EFBC}") = "Service.Common", "Service.Common\Service.Common.csproj", "{D7ED845C-CA44-414D-8E4D-55742881FA5F}"
EndProject
Project("{FAE04EC0-301F-11D3-BF4B-00C04F79EFBC}") = "MVC.Tests", "MVC.Test\MVC.Tests.csproj", "{9E468D12-26A8-4FCC-AF15-BAA9C687DFE7}"
EndProject
Project("{FAE04EC0-301F-11D3-BF4B-00C04F79EFBC}") = "Repository.Tests", "Repository.Test\Repository.Tests.csproj", "{1EBB7DD6-B144-4493-96C6-E20B32D28C63}"
EndProject
Project("{FAE04EC0-301F-11D3-BF4B-00C04F79EFBC}") = "Service.Tests", "Service.Tests\Service.Tests.csproj", "{67E83770-C28B-4FBE-9E45-4F88EB1BB9B5}"
EndProject
Global
	GlobalSection(SolutionConfigurationPlatforms) = preSolution
		Debug|Any CPU = Debug|Any CPU
		Release|Any CPU = Release|Any CPU
	EndGlobalSection
	GlobalSection(ProjectConfigurationPlatforms) = postSolution
		{5B568919-A2D4-4965-AA5B-5045A6C2F50E}.Debug|Any CPU.ActiveCfg = Debug|Any CPU
		{5B568919-A2D4-4965-AA5B-5045A6C2F50E}.Debug|Any CPU.Build.0 = Debug|Any CPU
		{5B568919-A2D4-4965-AA5B-5045A6C2F50E}.Release|Any CPU.ActiveCfg = Release|Any CPU
		{5B568919-A2D4-4965-AA5B-5045A6C2F50E}.Release|Any CPU.Build.0 = Release|Any CPU
		{1308180F-CA4D-4F46-BC57-5EC995900F0A}.Debug|Any CPU.ActiveCfg = Debug|Any CPU
		{1308180F-CA4D-4F46-BC57-5EC995900F0A}.Debug|Any CPU.Build.0 = Debug|Any CPU
		{1308180F-CA4D-4F46-BC57-5EC995900F0A}.Release|Any CPU.ActiveCfg = Release|Any CPU
		{1308180F-CA4D-4F46-BC57-5EC995900F0A}.Release|Any CPU.Build.0 = Release|Any CPU
		{3C90CD28-AC38-45B7-95DC-87FDD004A654}.Debug|Any CPU.ActiveCfg = Debug|Any CPU
		{3C90CD28-AC38-45B7-95DC-87FDD004A654}.Debug|Any CPU.Build.0 = Debug|Any CPU
		{3C90CD28-AC38-45B7-95DC-87FDD004A654}.Release|Any CPU.ActiveCfg = Release|Any CPU
		{3C90CD28-AC38-45B7-95DC-87FDD004A654}.Release|Any CPU.Build.0 = Release|Any CPU
		{FF73C15E-487F-4FCF-B20A-370AA227B2CC}.Debug|Any CPU.ActiveCfg = Debug|Any CPU
		{FF73C15E-487F-4FCF-B20A-370AA227B2CC}.Debug|Any CPU.Build.0 = Debug|Any CPU
		{FF73C15E-487F-4FCF-B20A-370AA227B2CC}.Release|Any CPU.ActiveCfg = Release|Any CPU
		{FF73C15E-487F-4FCF-B20A-370AA227B2CC}.Release|Any CPU.Build.0 = Release|Any CPU
		{67432B53-10D0-44A1-8DF2-5BD88D3DE0FB}.Debug|Any CPU.ActiveCfg = Debug|Any CPU
		{67432B53-10D0-44A1-8DF2-5BD88D3DE0FB}.Debug|Any CPU.Build.0 = Debug|Any CPU
		{67432B53-10D0-44A1-8DF2-5BD88D3DE0FB}.Release|Any CPU.ActiveCfg = Release|Any CPU
		{67432B53-10D0-44A1-8DF2-5BD88D3DE0FB}.Release|Any CPU.Build.0 = Release|Any CPU
		{47C371A6-2646-4F07-AD8C-8E7122F0F4F7}.Debug|Any CPU.ActiveCfg = Debug|Any CPU
		{47C371A6-2646-4F07-AD8C-8E7122F0F4F7}.Debug|Any CPU.Build.0 = Debug|Any CPU
		{47C371A6-2646-4F07-AD8C-8E7122F0F4F7}.Release|Any CPU.ActiveCfg = Release|Any CPU
		{47C371A6-2646-4F07-AD8C-8E7122F0F4F7}.Release|Any CPU.Build.0 = Release|Any CPU
		{8721AC78-9FD3-4E16-87AC-2461AD342B2D}.Debug|Any CPU.ActiveCfg = Debug|Any CPU
		{8721AC78-9FD3-4E16-87AC-2461AD342B2D}.Debug|Any CPU.Build.0 = Debug|Any CPU
		{8721AC78-9FD3-4E16-87AC-2461AD342B2D}.Release|Any CPU.ActiveCfg = Release|Any CPU
		{8721AC78-9FD3-4E16-87AC-2461AD342B2D}.Release|Any CPU.Build.0 = Release|Any CPU
		{24EB3839-6B30-4AF9-9E97-31948AA3937C}.Debug|Any CPU.ActiveCfg = Debug|Any CPU
		{24EB3839-6B30-4AF9-9E97-31948AA3937C}.Debug|Any CPU.Build.0 = Debug|Any CPU
		{24EB3839-6B30-4AF9-9E97-31948AA3937C}.Release|Any CPU.ActiveCfg = Release|Any CPU
		{24EB3839-6B30-4AF9-9E97-31948AA3937C}.Release|Any CPU.Build.0 = Release|Any CPU
		{D7ED845C-CA44-414D-8E4D-55742881FA5F}.Debug|Any CPU.ActiveCfg = Debug|Any CPU
		{D7ED845C-CA44-414D-8E4D-55742881FA5F}.Debug|Any CPU.Build.0 = Debug|Any CPU
		{D7ED845C-CA44-414D-8E4D-55742881FA5F}.Release|Any CPU.ActiveCfg = Release|Any CPU
		{D7ED845C-CA44-414D-8E4D-55742881FA5F}.Release|Any CPU.Build.0 = Release|Any CPU
		{9E468D12-26A8-4FCC-AF15-BAA9C687DFE7}.Debug|Any CPU.ActiveCfg = Debug|Any CPU
		{9E468D12-26A8-4FCC-AF15-BAA9C687DFE7}.Debug|Any CPU.Build.0 = Debug|Any CPU
		{9E468D12-26A8-4FCC-AF15-BAA9C687DFE7}.Release|Any CPU.ActiveCfg = Release|Any CPU
		{9E468D12-26A8-4FCC-AF15-BAA9C687DFE7}.Release|Any CPU.Build.0 = Release|Any CPU
		{1EBB7DD6-B144-4493-96C6-E20B32D28C63}.Debug|Any CPU.ActiveCfg = Debug|Any CPU
		{1EBB7DD6-B144-4493-96C6-E20B32D28C63}.Debug|Any CPU.Build.0 = Debug|Any CPU
		{1EBB7DD6-B144-4493-96C6-E20B32D28C63}.Release|Any CPU.ActiveCfg = Release|Any CPU
		{1EBB7DD6-B144-4493-96C6-E20B32D28C63}.Release|Any CPU.Build.0 = Release|Any CPU
		{67E83770-C28B-4FBE-9E45-4F88EB1BB9B5}.Debug|Any CPU.ActiveCfg = Debug|Any CPU
		{67E83770-C28B-4FBE-9E45-4F88EB1BB9B5}.Debug|Any CPU.Build.0 = Debug|Any CPU
		{67E83770-C28B-4FBE-9E45-4F88EB1BB9B5}.Release|Any CPU.ActiveCfg = Release|Any CPU
		{67E83770-C28B-4FBE-9E45-4F88EB1BB9B5}.Release|Any CPU.Build.0 = Release|Any CPU
	EndGlobalSection
	GlobalSection(SolutionProperties) = preSolution
		HideSolutionNode = FALSE
	EndGlobalSection
EndGlobal
